// !$*UTF8*$!
{
	archiveVersion = 1;
	classes = {
	};
	objectVersion = 48;
	objects = {

/* Begin PBXBuildFile section */
		16B8693267CEC3030AFB8A4C /* Pods_RightsWatch.framework in Frameworks */ = {isa = PBXBuildFile; fileRef = 18141C771835C54B620DE228 /* Pods_RightsWatch.framework */; };
		854B3D5C20E065C100FD6ACD /* Opinion+CoreDataClass.swift in Sources */ = {isa = PBXBuildFile; fileRef = 854B3D5620E065C100FD6ACD /* Opinion+CoreDataClass.swift */; };
		854B3D5E20E065C100FD6ACD /* CaseLaw+CoreDataClass.swift in Sources */ = {isa = PBXBuildFile; fileRef = 854B3D5820E065C100FD6ACD /* CaseLaw+CoreDataClass.swift */; };
		85757DE020DB2ACB00216677 /* AppDelegate.swift in Sources */ = {isa = PBXBuildFile; fileRef = 85757DDF20DB2ACB00216677 /* AppDelegate.swift */; };
		85757DE320DB2ACB00216677 /* RightsWatch.xcdatamodeld in Sources */ = {isa = PBXBuildFile; fileRef = 85757DE120DB2ACB00216677 /* RightsWatch.xcdatamodeld */; };
		85757DE520DB2ACB00216677 /* MasterViewController.swift in Sources */ = {isa = PBXBuildFile; fileRef = 85757DE420DB2ACB00216677 /* MasterViewController.swift */; };
		85757DE720DB2ACB00216677 /* DetailViewController.swift in Sources */ = {isa = PBXBuildFile; fileRef = 85757DE620DB2ACB00216677 /* DetailViewController.swift */; };
		85757DEA20DB2ACB00216677 /* Main.storyboard in Resources */ = {isa = PBXBuildFile; fileRef = 85757DE820DB2ACB00216677 /* Main.storyboard */; };
		85757DEC20DB2ACB00216677 /* Assets.xcassets in Resources */ = {isa = PBXBuildFile; fileRef = 85757DEB20DB2ACB00216677 /* Assets.xcassets */; };
		85757DEF20DB2ACB00216677 /* LaunchScreen.storyboard in Resources */ = {isa = PBXBuildFile; fileRef = 85757DED20DB2ACB00216677 /* LaunchScreen.storyboard */; };
		85757DFA20DB2ACB00216677 /* RightsWatchTests.swift in Sources */ = {isa = PBXBuildFile; fileRef = 85757DF920DB2ACB00216677 /* RightsWatchTests.swift */; };
		85757E0520DB2ACB00216677 /* RightsWatchUITests.swift in Sources */ = {isa = PBXBuildFile; fileRef = 85757E0420DB2ACB00216677 /* RightsWatchUITests.swift */; };
		85757E1320DB2AF500216677 /* CourtListener.swift in Sources */ = {isa = PBXBuildFile; fileRef = 85757E1220DB2AF500216677 /* CourtListener.swift */; };
		85757E1520DB2B1300216677 /* Constants.swift in Sources */ = {isa = PBXBuildFile; fileRef = 85757E1420DB2B1300216677 /* Constants.swift */; };
		85D08FFE20E6CF620000C3D1 /* UIElements.swift in Sources */ = {isa = PBXBuildFile; fileRef = 85D08FFD20E6CF620000C3D1 /* UIElements.swift */; };
		85D0900220E6D9FD0000C3D1 /* CaseFormViewController.swift in Sources */ = {isa = PBXBuildFile; fileRef = 85D0900120E6D9FD0000C3D1 /* CaseFormViewController.swift */; };
		85D63969210A706D00557B6B /* Podfile in Resources */ = {isa = PBXBuildFile; fileRef = 85D63968210A706D00557B6B /* Podfile */; };
/* End PBXBuildFile section */

/* Begin PBXContainerItemProxy section */
		85757DF620DB2ACB00216677 /* PBXContainerItemProxy */ = {
			isa = PBXContainerItemProxy;
			containerPortal = 85757DD420DB2ACB00216677 /* Project object */;
			proxyType = 1;
			remoteGlobalIDString = 85757DDB20DB2ACB00216677;
			remoteInfo = RightsWatch;
		};
		85757E0120DB2ACB00216677 /* PBXContainerItemProxy */ = {
			isa = PBXContainerItemProxy;
			containerPortal = 85757DD420DB2ACB00216677 /* Project object */;
			proxyType = 1;
			remoteGlobalIDString = 85757DDB20DB2ACB00216677;
			remoteInfo = RightsWatch;
		};
/* End PBXContainerItemProxy section */

/* Begin PBXFileReference section */
		18141C771835C54B620DE228 /* Pods_RightsWatch.framework */ = {isa = PBXFileReference; explicitFileType = wrapper.framework; includeInIndex = 0; path = Pods_RightsWatch.framework; sourceTree = BUILT_PRODUCTS_DIR; };
		854B3D5620E065C100FD6ACD /* Opinion+CoreDataClass.swift */ = {isa = PBXFileReference; lastKnownFileType = sourcecode.swift; path = "Opinion+CoreDataClass.swift"; sourceTree = "<group>"; };
		854B3D5820E065C100FD6ACD /* CaseLaw+CoreDataClass.swift */ = {isa = PBXFileReference; lastKnownFileType = sourcecode.swift; path = "CaseLaw+CoreDataClass.swift"; sourceTree = "<group>"; };
		85757DDC20DB2ACB00216677 /* RightsWatch.app */ = {isa = PBXFileReference; explicitFileType = wrapper.application; includeInIndex = 0; path = RightsWatch.app; sourceTree = BUILT_PRODUCTS_DIR; };
		85757DDF20DB2ACB00216677 /* AppDelegate.swift */ = {isa = PBXFileReference; lastKnownFileType = sourcecode.swift; path = AppDelegate.swift; sourceTree = "<group>"; };
		85757DE220DB2ACB00216677 /* RightsWatch.xcdatamodel */ = {isa = PBXFileReference; lastKnownFileType = wrapper.xcdatamodel; path = RightsWatch.xcdatamodel; sourceTree = "<group>"; };
		85757DE420DB2ACB00216677 /* MasterViewController.swift */ = {isa = PBXFileReference; lastKnownFileType = sourcecode.swift; path = MasterViewController.swift; sourceTree = "<group>"; };
		85757DE620DB2ACB00216677 /* DetailViewController.swift */ = {isa = PBXFileReference; lastKnownFileType = sourcecode.swift; path = DetailViewController.swift; sourceTree = "<group>"; };
		85757DE920DB2ACB00216677 /* Base */ = {isa = PBXFileReference; lastKnownFileType = file.storyboard; name = Base; path = Base.lproj/Main.storyboard; sourceTree = "<group>"; };
		85757DEB20DB2ACB00216677 /* Assets.xcassets */ = {isa = PBXFileReference; lastKnownFileType = folder.assetcatalog; path = Assets.xcassets; sourceTree = "<group>"; };
		85757DEE20DB2ACB00216677 /* Base */ = {isa = PBXFileReference; lastKnownFileType = file.storyboard; name = Base; path = Base.lproj/LaunchScreen.storyboard; sourceTree = "<group>"; };
		85757DF020DB2ACB00216677 /* Info.plist */ = {isa = PBXFileReference; lastKnownFileType = text.plist.xml; path = Info.plist; sourceTree = "<group>"; };
		85757DF520DB2ACB00216677 /* RightsWatchTests.xctest */ = {isa = PBXFileReference; explicitFileType = wrapper.cfbundle; includeInIndex = 0; path = RightsWatchTests.xctest; sourceTree = BUILT_PRODUCTS_DIR; };
		85757DF920DB2ACB00216677 /* RightsWatchTests.swift */ = {isa = PBXFileReference; lastKnownFileType = sourcecode.swift; path = RightsWatchTests.swift; sourceTree = "<group>"; };
		85757DFB20DB2ACB00216677 /* Info.plist */ = {isa = PBXFileReference; lastKnownFileType = text.plist.xml; path = Info.plist; sourceTree = "<group>"; };
		85757E0020DB2ACB00216677 /* RightsWatchUITests.xctest */ = {isa = PBXFileReference; explicitFileType = wrapper.cfbundle; includeInIndex = 0; path = RightsWatchUITests.xctest; sourceTree = BUILT_PRODUCTS_DIR; };
		85757E0420DB2ACB00216677 /* RightsWatchUITests.swift */ = {isa = PBXFileReference; lastKnownFileType = sourcecode.swift; path = RightsWatchUITests.swift; sourceTree = "<group>"; };
		85757E0620DB2ACB00216677 /* Info.plist */ = {isa = PBXFileReference; lastKnownFileType = text.plist.xml; path = Info.plist; sourceTree = "<group>"; };
		85757E1220DB2AF500216677 /* CourtListener.swift */ = {isa = PBXFileReference; lastKnownFileType = sourcecode.swift; path = CourtListener.swift; sourceTree = "<group>"; };
		85757E1420DB2B1300216677 /* Constants.swift */ = {isa = PBXFileReference; lastKnownFileType = sourcecode.swift; path = Constants.swift; sourceTree = "<group>"; };
		85D08FFD20E6CF620000C3D1 /* UIElements.swift */ = {isa = PBXFileReference; lastKnownFileType = sourcecode.swift; path = UIElements.swift; sourceTree = "<group>"; };
		85D0900120E6D9FD0000C3D1 /* CaseFormViewController.swift */ = {isa = PBXFileReference; lastKnownFileType = sourcecode.swift; path = CaseFormViewController.swift; sourceTree = "<group>"; };
		85D63968210A706D00557B6B /* Podfile */ = {isa = PBXFileReference; lastKnownFileType = text; path = Podfile; sourceTree = "<group>"; xcLanguageSpecificationIdentifier = xcode.lang.ruby; };
		8E3C1DCBD0B5CB9E6830C660 /* Pods-RightsWatch.debug.xcconfig */ = {isa = PBXFileReference; includeInIndex = 1; lastKnownFileType = text.xcconfig; name = "Pods-RightsWatch.debug.xcconfig"; path = "Pods/Target Support Files/Pods-RightsWatch/Pods-RightsWatch.debug.xcconfig"; sourceTree = "<group>"; };
		FEAE8797D533B7C093993242 /* Pods-RightsWatch.release.xcconfig */ = {isa = PBXFileReference; includeInIndex = 1; lastKnownFileType = text.xcconfig; name = "Pods-RightsWatch.release.xcconfig"; path = "Pods/Target Support Files/Pods-RightsWatch/Pods-RightsWatch.release.xcconfig"; sourceTree = "<group>"; };
/* End PBXFileReference section */

/* Begin PBXFrameworksBuildPhase section */
		85757DD920DB2ACB00216677 /* Frameworks */ = {
			isa = PBXFrameworksBuildPhase;
			buildActionMask = 2147483647;
			files = (
				16B8693267CEC3030AFB8A4C /* Pods_RightsWatch.framework in Frameworks */,
			);
			runOnlyForDeploymentPostprocessing = 0;
		};
		85757DF220DB2ACB00216677 /* Frameworks */ = {
			isa = PBXFrameworksBuildPhase;
			buildActionMask = 2147483647;
			files = (
			);
			runOnlyForDeploymentPostprocessing = 0;
		};
		85757DFD20DB2ACB00216677 /* Frameworks */ = {
			isa = PBXFrameworksBuildPhase;
			buildActionMask = 2147483647;
			files = (
			);
			runOnlyForDeploymentPostprocessing = 0;
		};
/* End PBXFrameworksBuildPhase section */

/* Begin PBXGroup section */
		85757DD320DB2ACB00216677 = {
			isa = PBXGroup;
			children = (
				85D63968210A706D00557B6B /* Podfile */,
				85757DE620DB2ACB00216677 /* DetailViewController.swift */,
				854B3D5620E065C100FD6ACD /* Opinion+CoreDataClass.swift */,
				854B3D5820E065C100FD6ACD /* CaseLaw+CoreDataClass.swift */,
				85757DDE20DB2ACB00216677 /* RightsWatch */,
				85757DF820DB2ACB00216677 /* RightsWatchTests */,
				85757E0320DB2ACB00216677 /* RightsWatchUITests */,
				85757DDD20DB2ACB00216677 /* Products */,
				BA6B5B339B9D5E6B174F449E /* Pods */,
				AC4659BCF0CF910BD54DB704 /* Frameworks */,
			);
			sourceTree = "<group>";
		};
		85757DDD20DB2ACB00216677 /* Products */ = {
			isa = PBXGroup;
			children = (
				85757DDC20DB2ACB00216677 /* RightsWatch.app */,
				85757DF520DB2ACB00216677 /* RightsWatchTests.xctest */,
				85757E0020DB2ACB00216677 /* RightsWatchUITests.xctest */,
			);
			name = Products;
			sourceTree = "<group>";
		};
		85757DDE20DB2ACB00216677 /* RightsWatch */ = {
			isa = PBXGroup;
			children = (
				85757DDF20DB2ACB00216677 /* AppDelegate.swift */,
				85757DE420DB2ACB00216677 /* MasterViewController.swift */,
				85757DE820DB2ACB00216677 /* Main.storyboard */,
				85757DEB20DB2ACB00216677 /* Assets.xcassets */,
				85757DED20DB2ACB00216677 /* LaunchScreen.storyboard */,
				85757DF020DB2ACB00216677 /* Info.plist */,
				85757DE120DB2ACB00216677 /* RightsWatch.xcdatamodeld */,
				85757E1220DB2AF500216677 /* CourtListener.swift */,
				85757E1420DB2B1300216677 /* Constants.swift */,
				85D08FFD20E6CF620000C3D1 /* UIElements.swift */,
				85D0900120E6D9FD0000C3D1 /* CaseFormViewController.swift */,
			);
			path = RightsWatch;
			sourceTree = "<group>";
		};
		85757DF820DB2ACB00216677 /* RightsWatchTests */ = {
			isa = PBXGroup;
			children = (
				85757DF920DB2ACB00216677 /* RightsWatchTests.swift */,
				85757DFB20DB2ACB00216677 /* Info.plist */,
			);
			path = RightsWatchTests;
			sourceTree = "<group>";
		};
		85757E0320DB2ACB00216677 /* RightsWatchUITests */ = {
			isa = PBXGroup;
			children = (
				85757E0420DB2ACB00216677 /* RightsWatchUITests.swift */,
				85757E0620DB2ACB00216677 /* Info.plist */,
			);
			path = RightsWatchUITests;
			sourceTree = "<group>";
		};
		AC4659BCF0CF910BD54DB704 /* Frameworks */ = {
			isa = PBXGroup;
			children = (
				18141C771835C54B620DE228 /* Pods_RightsWatch.framework */,
			);
			name = Frameworks;
			sourceTree = "<group>";
		};
		BA6B5B339B9D5E6B174F449E /* Pods */ = {
			isa = PBXGroup;
			children = (
				8E3C1DCBD0B5CB9E6830C660 /* Pods-RightsWatch.debug.xcconfig */,
				FEAE8797D533B7C093993242 /* Pods-RightsWatch.release.xcconfig */,
			);
			name = Pods;
			sourceTree = "<group>";
		};
/* End PBXGroup section */

/* Begin PBXNativeTarget section */
		85757DDB20DB2ACB00216677 /* RightsWatch */ = {
			isa = PBXNativeTarget;
			buildConfigurationList = 85757E0920DB2ACB00216677 /* Build configuration list for PBXNativeTarget "RightsWatch" */;
			buildPhases = (
				3E0423CFC22827CEC121EC99 /* [CP] Check Pods Manifest.lock */,
				85757DD820DB2ACB00216677 /* Sources */,
				85757DD920DB2ACB00216677 /* Frameworks */,
				85757DDA20DB2ACB00216677 /* Resources */,
				BC5CB913DCF7E399EF14AE4A /* [CP] Embed Pods Frameworks */,
			);
			buildRules = (
			);
			dependencies = (
			);
			name = RightsWatch;
			productName = RightsWatch;
			productReference = 85757DDC20DB2ACB00216677 /* RightsWatch.app */;
			productType = "com.apple.product-type.application";
		};
		85757DF420DB2ACB00216677 /* RightsWatchTests */ = {
			isa = PBXNativeTarget;
			buildConfigurationList = 85757E0C20DB2ACB00216677 /* Build configuration list for PBXNativeTarget "RightsWatchTests" */;
			buildPhases = (
				85757DF120DB2ACB00216677 /* Sources */,
				85757DF220DB2ACB00216677 /* Frameworks */,
				85757DF320DB2ACB00216677 /* Resources */,
			);
			buildRules = (
			);
			dependencies = (
				85757DF720DB2ACB00216677 /* PBXTargetDependency */,
			);
			name = RightsWatchTests;
			productName = RightsWatchTests;
			productReference = 85757DF520DB2ACB00216677 /* RightsWatchTests.xctest */;
			productType = "com.apple.product-type.bundle.unit-test";
		};
		85757DFF20DB2ACB00216677 /* RightsWatchUITests */ = {
			isa = PBXNativeTarget;
			buildConfigurationList = 85757E0F20DB2ACB00216677 /* Build configuration list for PBXNativeTarget "RightsWatchUITests" */;
			buildPhases = (
				85757DFC20DB2ACB00216677 /* Sources */,
				85757DFD20DB2ACB00216677 /* Frameworks */,
				85757DFE20DB2ACB00216677 /* Resources */,
			);
			buildRules = (
			);
			dependencies = (
				85757E0220DB2ACB00216677 /* PBXTargetDependency */,
			);
			name = RightsWatchUITests;
			productName = RightsWatchUITests;
			productReference = 85757E0020DB2ACB00216677 /* RightsWatchUITests.xctest */;
			productType = "com.apple.product-type.bundle.ui-testing";
		};
/* End PBXNativeTarget section */

/* Begin PBXProject section */
		85757DD420DB2ACB00216677 /* Project object */ = {
			isa = PBXProject;
			attributes = {
				LastSwiftUpdateCheck = 0920;
				LastUpgradeCheck = 0920;
				ORGANIZATIONNAME = "Jeffrey Roy";
				TargetAttributes = {
					85757DDB20DB2ACB00216677 = {
						CreatedOnToolsVersion = 9.2;
						ProvisioningStyle = Automatic;
					};
					85757DF420DB2ACB00216677 = {
						CreatedOnToolsVersion = 9.2;
						ProvisioningStyle = Automatic;
						TestTargetID = 85757DDB20DB2ACB00216677;
					};
					85757DFF20DB2ACB00216677 = {
						CreatedOnToolsVersion = 9.2;
						ProvisioningStyle = Automatic;
						TestTargetID = 85757DDB20DB2ACB00216677;
					};
				};
			};
			buildConfigurationList = 85757DD720DB2ACB00216677 /* Build configuration list for PBXProject "RightsWatch" */;
			compatibilityVersion = "Xcode 8.0";
			developmentRegion = en;
			hasScannedForEncodings = 0;
			knownRegions = (
				en,
				Base,
			);
			mainGroup = 85757DD320DB2ACB00216677;
			productRefGroup = 85757DDD20DB2ACB00216677 /* Products */;
			projectDirPath = "";
			projectRoot = "";
			targets = (
				85757DDB20DB2ACB00216677 /* RightsWatch */,
				85757DF420DB2ACB00216677 /* RightsWatchTests */,
				85757DFF20DB2ACB00216677 /* RightsWatchUITests */,
			);
		};
/* End PBXProject section */

/* Begin PBXResourcesBuildPhase section */
		85757DDA20DB2ACB00216677 /* Resources */ = {
			isa = PBXResourcesBuildPhase;
			buildActionMask = 2147483647;
			files = (
				85757DEF20DB2ACB00216677 /* LaunchScreen.storyboard in Resources */,
				85757DEC20DB2ACB00216677 /* Assets.xcassets in Resources */,
				85D63969210A706D00557B6B /* Podfile in Resources */,
				85757DEA20DB2ACB00216677 /* Main.storyboard in Resources */,
			);
			runOnlyForDeploymentPostprocessing = 0;
		};
		85757DF320DB2ACB00216677 /* Resources */ = {
			isa = PBXResourcesBuildPhase;
			buildActionMask = 2147483647;
			files = (
			);
			runOnlyForDeploymentPostprocessing = 0;
		};
		85757DFE20DB2ACB00216677 /* Resources */ = {
			isa = PBXResourcesBuildPhase;
			buildActionMask = 2147483647;
			files = (
			);
			runOnlyForDeploymentPostprocessing = 0;
		};
/* End PBXResourcesBuildPhase section */

/* Begin PBXShellScriptBuildPhase section */
		3E0423CFC22827CEC121EC99 /* [CP] Check Pods Manifest.lock */ = {
			isa = PBXShellScriptBuildPhase;
			buildActionMask = 2147483647;
			files = (
			);
			inputPaths = (
				"${PODS_PODFILE_DIR_PATH}/Podfile.lock",
				"${PODS_ROOT}/Manifest.lock",
			);
			name = "[CP] Check Pods Manifest.lock";
			outputPaths = (
				"$(DERIVED_FILE_DIR)/Pods-RightsWatch-checkManifestLockResult.txt",
			);
			runOnlyForDeploymentPostprocessing = 0;
			shellPath = /bin/sh;
			shellScript = "diff \"${PODS_PODFILE_DIR_PATH}/Podfile.lock\" \"${PODS_ROOT}/Manifest.lock\" > /dev/null\nif [ $? != 0 ] ; then\n    # print error to STDERR\n    echo \"error: The sandbox is not in sync with the Podfile.lock. Run 'pod install' or update your CocoaPods installation.\" >&2\n    exit 1\nfi\n# This output is used by Xcode 'outputs' to avoid re-running this script phase.\necho \"SUCCESS\" > \"${SCRIPT_OUTPUT_FILE_0}\"\n";
			showEnvVarsInLog = 0;
		};
		BC5CB913DCF7E399EF14AE4A /* [CP] Embed Pods Frameworks */ = {
			isa = PBXShellScriptBuildPhase;
			buildActionMask = 2147483647;
			files = (
			);
			inputPaths = (
				"${SRCROOT}/Pods/Target Support Files/Pods-RightsWatch/Pods-RightsWatch-frameworks.sh",
				"${BUILT_PRODUCTS_DIR}/PromiseKit/PromiseKit.framework",
				"${BUILT_PRODUCTS_DIR}/Siesta/Siesta.framework",
			);
			name = "[CP] Embed Pods Frameworks";
			outputPaths = (
				"${TARGET_BUILD_DIR}/${FRAMEWORKS_FOLDER_PATH}/PromiseKit.framework",
				"${TARGET_BUILD_DIR}/${FRAMEWORKS_FOLDER_PATH}/Siesta.framework",
			);
			runOnlyForDeploymentPostprocessing = 0;
			shellPath = /bin/sh;
			shellScript = "\"${SRCROOT}/Pods/Target Support Files/Pods-RightsWatch/Pods-RightsWatch-frameworks.sh\"\n";
			showEnvVarsInLog = 0;
		};
/* End PBXShellScriptBuildPhase section */

/* Begin PBXSourcesBuildPhase section */
		85757DD820DB2ACB00216677 /* Sources */ = {
			isa = PBXSourcesBuildPhase;
			buildActionMask = 2147483647;
			files = (
				85D0900220E6D9FD0000C3D1 /* CaseFormViewController.swift in Sources */,
				85757DE320DB2ACB00216677 /* RightsWatch.xcdatamodeld in Sources */,
				854B3D5E20E065C100FD6ACD /* CaseLaw+CoreDataClass.swift in Sources */,
				854B3D5C20E065C100FD6ACD /* Opinion+CoreDataClass.swift in Sources */,
				85757DE020DB2ACB00216677 /* AppDelegate.swift in Sources */,
				85757DE520DB2ACB00216677 /* MasterViewController.swift in Sources */,
				85757DE720DB2ACB00216677 /* DetailViewController.swift in Sources */,
				85757E1320DB2AF500216677 /* CourtListener.swift in Sources */,
				85D08FFE20E6CF620000C3D1 /* UIElements.swift in Sources */,
				85757E1520DB2B1300216677 /* Constants.swift in Sources */,
			);
			runOnlyForDeploymentPostprocessing = 0;
		};
		85757DF120DB2ACB00216677 /* Sources */ = {
			isa = PBXSourcesBuildPhase;
			buildActionMask = 2147483647;
			files = (
				85757DFA20DB2ACB00216677 /* RightsWatchTests.swift in Sources */,
			);
			runOnlyForDeploymentPostprocessing = 0;
		};
		85757DFC20DB2ACB00216677 /* Sources */ = {
			isa = PBXSourcesBuildPhase;
			buildActionMask = 2147483647;
			files = (
				85757E0520DB2ACB00216677 /* RightsWatchUITests.swift in Sources */,
			);
			runOnlyForDeploymentPostprocessing = 0;
		};
/* End PBXSourcesBuildPhase section */

/* Begin PBXTargetDependency section */
		85757DF720DB2ACB00216677 /* PBXTargetDependency */ = {
			isa = PBXTargetDependency;
			target = 85757DDB20DB2ACB00216677 /* RightsWatch */;
			targetProxy = 85757DF620DB2ACB00216677 /* PBXContainerItemProxy */;
		};
		85757E0220DB2ACB00216677 /* PBXTargetDependency */ = {
			isa = PBXTargetDependency;
			target = 85757DDB20DB2ACB00216677 /* RightsWatch */;
			targetProxy = 85757E0120DB2ACB00216677 /* PBXContainerItemProxy */;
		};
/* End PBXTargetDependency section */

/* Begin PBXVariantGroup section */
		85757DE820DB2ACB00216677 /* Main.storyboard */ = {
			isa = PBXVariantGroup;
			children = (
				85757DE920DB2ACB00216677 /* Base */,
			);
			name = Main.storyboard;
			sourceTree = "<group>";
		};
		85757DED20DB2ACB00216677 /* LaunchScreen.storyboard */ = {
			isa = PBXVariantGroup;
			children = (
				85757DEE20DB2ACB00216677 /* Base */,
			);
			name = LaunchScreen.storyboard;
			sourceTree = "<group>";
		};
/* End PBXVariantGroup section */

/* Begin XCBuildConfiguration section */
		85757E0720DB2ACB00216677 /* Debug */ = {
			isa = XCBuildConfiguration;
			buildSettings = {
				ALWAYS_SEARCH_USER_PATHS = NO;
				CLANG_ANALYZER_NONNULL = YES;
				CLANG_ANALYZER_NUMBER_OBJECT_CONVERSION = YES_AGGRESSIVE;
				CLANG_CXX_LANGUAGE_STANDARD = "gnu++14";
				CLANG_CXX_LIBRARY = "libc++";
				CLANG_ENABLE_MODULES = YES;
				CLANG_ENABLE_OBJC_ARC = YES;
				CLANG_WARN_BLOCK_CAPTURE_AUTORELEASING = YES;
				CLANG_WARN_BOOL_CONVERSION = YES;
				CLANG_WARN_COMMA = YES;
				CLANG_WARN_CONSTANT_CONVERSION = YES;
				CLANG_WARN_DIRECT_OBJC_ISA_USAGE = YES_ERROR;
				CLANG_WARN_DOCUMENTATION_COMMENTS = YES;
				CLANG_WARN_EMPTY_BODY = YES;
				CLANG_WARN_ENUM_CONVERSION = YES;
				CLANG_WARN_INFINITE_RECURSION = YES;
				CLANG_WARN_INT_CONVERSION = YES;
				CLANG_WARN_NON_LITERAL_NULL_CONVERSION = YES;
				CLANG_WARN_OBJC_LITERAL_CONVERSION = YES;
				CLANG_WARN_OBJC_ROOT_CLASS = YES_ERROR;
				CLANG_WARN_RANGE_LOOP_ANALYSIS = YES;
				CLANG_WARN_STRICT_PROTOTYPES = YES;
				CLANG_WARN_SUSPICIOUS_MOVE = YES;
				CLANG_WARN_UNGUARDED_AVAILABILITY = YES_AGGRESSIVE;
				CLANG_WARN_UNREACHABLE_CODE = YES;
				CLANG_WARN__DUPLICATE_METHOD_MATCH = YES;
				CODE_SIGN_IDENTITY = "iPhone Developer";
				COPY_PHASE_STRIP = NO;
				DEBUG_INFORMATION_FORMAT = dwarf;
				ENABLE_STRICT_OBJC_MSGSEND = YES;
				ENABLE_TESTABILITY = YES;
				GCC_C_LANGUAGE_STANDARD = gnu11;
				GCC_DYNAMIC_NO_PIC = NO;
				GCC_NO_COMMON_BLOCKS = YES;
				GCC_OPTIMIZATION_LEVEL = 0;
				GCC_PREPROCESSOR_DEFINITIONS = (
					"DEBUG=1",
					"$(inherited)",
				);
				GCC_WARN_64_TO_32_BIT_CONVERSION = YES;
				GCC_WARN_ABOUT_RETURN_TYPE = YES_ERROR;
				GCC_WARN_UNDECLARED_SELECTOR = YES;
				GCC_WARN_UNINITIALIZED_AUTOS = YES_AGGRESSIVE;
				GCC_WARN_UNUSED_FUNCTION = YES;
				GCC_WARN_UNUSED_VARIABLE = YES;
				IPHONEOS_DEPLOYMENT_TARGET = 11.2;
				MTL_ENABLE_DEBUG_INFO = YES;
				ONLY_ACTIVE_ARCH = YES;
				SDKROOT = iphoneos;
				SWIFT_ACTIVE_COMPILATION_CONDITIONS = DEBUG;
				SWIFT_OPTIMIZATION_LEVEL = "-Onone";
			};
			name = Debug;
		};
		85757E0820DB2ACB00216677 /* Release */ = {
			isa = XCBuildConfiguration;
			buildSettings = {
				ALWAYS_SEARCH_USER_PATHS = NO;
				CLANG_ANALYZER_NONNULL = YES;
				CLANG_ANALYZER_NUMBER_OBJECT_CONVERSION = YES_AGGRESSIVE;
				CLANG_CXX_LANGUAGE_STANDARD = "gnu++14";
				CLANG_CXX_LIBRARY = "libc++";
				CLANG_ENABLE_MODULES = YES;
				CLANG_ENABLE_OBJC_ARC = YES;
				CLANG_WARN_BLOCK_CAPTURE_AUTORELEASING = YES;
				CLANG_WARN_BOOL_CONVERSION = YES;
				CLANG_WARN_COMMA = YES;
				CLANG_WARN_CONSTANT_CONVERSION = YES;
				CLANG_WARN_DIRECT_OBJC_ISA_USAGE = YES_ERROR;
				CLANG_WARN_DOCUMENTATION_COMMENTS = YES;
				CLANG_WARN_EMPTY_BODY = YES;
				CLANG_WARN_ENUM_CONVERSION = YES;
				CLANG_WARN_INFINITE_RECURSION = YES;
				CLANG_WARN_INT_CONVERSION = YES;
				CLANG_WARN_NON_LITERAL_NULL_CONVERSION = YES;
				CLANG_WARN_OBJC_LITERAL_CONVERSION = YES;
				CLANG_WARN_OBJC_ROOT_CLASS = YES_ERROR;
				CLANG_WARN_RANGE_LOOP_ANALYSIS = YES;
				CLANG_WARN_STRICT_PROTOTYPES = YES;
				CLANG_WARN_SUSPICIOUS_MOVE = YES;
				CLANG_WARN_UNGUARDED_AVAILABILITY = YES_AGGRESSIVE;
				CLANG_WARN_UNREACHABLE_CODE = YES;
				CLANG_WARN__DUPLICATE_METHOD_MATCH = YES;
				CODE_SIGN_IDENTITY = "iPhone Developer";
				COPY_PHASE_STRIP = NO;
				DEBUG_INFORMATION_FORMAT = "dwarf-with-dsym";
				ENABLE_NS_ASSERTIONS = NO;
				ENABLE_STRICT_OBJC_MSGSEND = YES;
				GCC_C_LANGUAGE_STANDARD = gnu11;
				GCC_NO_COMMON_BLOCKS = YES;
				GCC_WARN_64_TO_32_BIT_CONVERSION = YES;
				GCC_WARN_ABOUT_RETURN_TYPE = YES_ERROR;
				GCC_WARN_UNDECLARED_SELECTOR = YES;
				GCC_WARN_UNINITIALIZED_AUTOS = YES_AGGRESSIVE;
				GCC_WARN_UNUSED_FUNCTION = YES;
				GCC_WARN_UNUSED_VARIABLE = YES;
				IPHONEOS_DEPLOYMENT_TARGET = 11.2;
				MTL_ENABLE_DEBUG_INFO = NO;
				SDKROOT = iphoneos;
				SWIFT_OPTIMIZATION_LEVEL = "-Owholemodule";
				VALIDATE_PRODUCT = YES;
			};
			name = Release;
		};
		85757E0A20DB2ACB00216677 /* Debug */ = {
			isa = XCBuildConfiguration;
			baseConfigurationReference = 8E3C1DCBD0B5CB9E6830C660 /* Pods-RightsWatch.debug.xcconfig */;
			buildSettings = {
				ASSETCATALOG_COMPILER_APPICON_NAME = AppIcon;
				CODE_SIGN_STYLE = Automatic;
				DEVELOPMENT_TEAM = X9S732BAQ6;
				INFOPLIST_FILE = RightsWatch/Info.plist;
				LD_RUNPATH_SEARCH_PATHS = "$(inherited) @executable_path/Frameworks";
				PRODUCT_BUNDLE_IDENTIFIER = com.games.jroy.RightsWatch;
				PRODUCT_NAME = "$(TARGET_NAME)";
				SWIFT_VERSION = 4.0;
				TARGETED_DEVICE_FAMILY = "1,2";
			};
			name = Debug;
		};
		85757E0B20DB2ACB00216677 /* Release */ = {
			isa = XCBuildConfiguration;
			baseConfigurationReference = FEAE8797D533B7C093993242 /* Pods-RightsWatch.release.xcconfig */;
			buildSettings = {
				ASSETCATALOG_COMPILER_APPICON_NAME = AppIcon;
				CODE_SIGN_STYLE = Automatic;
				DEVELOPMENT_TEAM = X9S732BAQ6;
				INFOPLIST_FILE = RightsWatch/Info.plist;
				LD_RUNPATH_SEARCH_PATHS = "$(inherited) @executable_path/Frameworks";
				PRODUCT_BUNDLE_IDENTIFIER = com.games.jroy.RightsWatch;
				PRODUCT_NAME = "$(TARGET_NAME)";
				SWIFT_VERSION = 4.0;
				TARGETED_DEVICE_FAMILY = "1,2";
			};
			name = Release;
		};
		85757E0D20DB2ACB00216677 /* Debug */ = {
			isa = XCBuildConfiguration;
			buildSettings = {
				ALWAYS_EMBED_SWIFT_STANDARD_LIBRARIES = YES;
				BUNDLE_LOADER = "$(TEST_HOST)";
				CODE_SIGN_STYLE = Automatic;
				DEVELOPMENT_TEAM = X9S732BAQ6;
				INFOPLIST_FILE = RightsWatchTests/Info.plist;
				LD_RUNPATH_SEARCH_PATHS = "$(inherited) @executable_path/Frameworks @loader_path/Frameworks";
				PRODUCT_BUNDLE_IDENTIFIER = com.games.jroy.RightsWatchTests;
				PRODUCT_NAME = "$(TARGET_NAME)";
				SWIFT_VERSION = 4.0;
				TARGETED_DEVICE_FAMILY = "1,2";
				TEST_HOST = "$(BUILT_PRODUCTS_DIR)/RightsWatch.app/RightsWatch";
			};
			name = Debug;
		};
		85757E0E20DB2ACB00216677 /* Release */ = {
			isa = XCBuildConfiguration;
			buildSettings = {
				ALWAYS_EMBED_SWIFT_STANDARD_LIBRARIES = YES;
				BUNDLE_LOADER = "$(TEST_HOST)";
				CODE_SIGN_STYLE = Automatic;
				DEVELOPMENT_TEAM = X9S732BAQ6;
				INFOPLIST_FILE = RightsWatchTests/Info.plist;
				LD_RUNPATH_SEARCH_PATHS = "$(inherited) @executable_path/Frameworks @loader_path/Frameworks";
				PRODUCT_BUNDLE_IDENTIFIER = com.games.jroy.RightsWatchTests;
				PRODUCT_NAME = "$(TARGET_NAME)";
				SWIFT_VERSION = 4.0;
				TARGETED_DEVICE_FAMILY = "1,2";
				TEST_HOST = "$(BUILT_PRODUCTS_DIR)/RightsWatch.app/RightsWatch";
			};
			name = Release;
		};
		85757E1020DB2ACB00216677 /* Debug */ = {
			isa = XCBuildConfiguration;
			buildSettings = {
				ALWAYS_EMBED_SWIFT_STANDARD_LIBRARIES = YES;
				CODE_SIGN_STYLE = Automatic;
				DEVELOPMENT_TEAM = X9S732BAQ6;
				INFOPLIST_FILE = RightsWatchUITests/Info.plist;
				LD_RUNPATH_SEARCH_PATHS = "$(inherited) @executable_path/Frameworks @loader_path/Frameworks";
				PRODUCT_BUNDLE_IDENTIFIER = com.games.jroy.RightsWatchUITests;
				PRODUCT_NAME = "$(TARGET_NAME)";
				SWIFT_VERSION = 4.0;
				TARGETED_DEVICE_FAMILY = "1,2";
				TEST_TARGET_NAME = RightsWatch;
			};
			name = Debug;
		};
		85757E1120DB2ACB00216677 /* Release */ = {
			isa = XCBuildConfiguration;
			buildSettings = {
				ALWAYS_EMBED_SWIFT_STANDARD_LIBRARIES = YES;
				CODE_SIGN_STYLE = Automatic;
				DEVELOPMENT_TEAM = X9S732BAQ6;
				INFOPLIST_FILE = RightsWatchUITests/Info.plist;
				LD_RUNPATH_SEARCH_PATHS = "$(inherited) @executable_path/Frameworks @loader_path/Frameworks";
				PRODUCT_BUNDLE_IDENTIFIER = com.games.jroy.RightsWatchUITests;
				PRODUCT_NAME = "$(TARGET_NAME)";
				SWIFT_VERSION = 4.0;
				TARGETED_DEVICE_FAMILY = "1,2";
				TEST_TARGET_NAME = RightsWatch;
			};
			name = Release;
		};
/* End XCBuildConfiguration section */

/* Begin XCConfigurationList section */
		85757DD720DB2ACB00216677 /* Build configuration list for PBXProject "RightsWatch" */ = {
			isa = XCConfigurationList;
			buildConfigurations = (
				85757E0720DB2ACB00216677 /* Debug */,
				85757E0820DB2ACB00216677 /* Release */,
			);
			defaultConfigurationIsVisible = 0;
			defaultConfigurationName = Release;
		};
		85757E0920DB2ACB00216677 /* Build configuration list for PBXNativeTarget "RightsWatch" */ = {
			isa = XCConfigurationList;
			buildConfigurations = (
				85757E0A20DB2ACB00216677 /* Debug */,
				85757E0B20DB2ACB00216677 /* Release */,
			);
			defaultConfigurationIsVisible = 0;
			defaultConfigurationName = Release;
		};
		85757E0C20DB2ACB00216677 /* Build configuration list for PBXNativeTarget "RightsWatchTests" */ = {
			isa = XCConfigurationList;
			buildConfigurations = (
				85757E0D20DB2ACB00216677 /* Debug */,
				85757E0E20DB2ACB00216677 /* Release */,
			);
			defaultConfigurationIsVisible = 0;
			defaultConfigurationName = Release;
		};
		85757E0F20DB2ACB00216677 /* Build configuration list for PBXNativeTarget "RightsWatchUITests" */ = {
			isa = XCConfigurationList;
			buildConfigurations = (
				85757E1020DB2ACB00216677 /* Debug */,
				85757E1120DB2ACB00216677 /* Release */,
			);
			defaultConfigurationIsVisible = 0;
			defaultConfigurationName = Release;
		};
/* End XCConfigurationList section */

/* Begin XCVersionGroup section */
		85757DE120DB2ACB00216677 /* RightsWatch.xcdatamodeld */ = {
			isa = XCVersionGroup;
			children = (
				85757DE220DB2ACB00216677 /* RightsWatch.xcdatamodel */,
			);
			currentVersion = 85757DE220DB2ACB00216677 /* RightsWatch.xcdatamodel */;
			path = RightsWatch.xcdatamodeld;
			sourceTree = "<group>";
			versionGroupType = wrapper.xcdatamodel;
		};
/* End XCVersionGroup section */
	};
	rootObject = 85757DD420DB2ACB00216677 /* Project object */;
}
